{
  "name": "agent-coordinator-plugin",
  "version": "0.5.1",
  "lockfileVersion": 3,
  "requires": true,
  "packages": {
    "": {
      "name": "agent-coordinator-plugin",
      "version": "0.5.1",
      "license": "MIT",
      "optionalDependencies": {
        "agent-coordinator-cli-darwin-arm64": "0.5.1",
        "agent-coordinator-cli-darwin-x64": "0.5.1",
        "agent-coordinator-cli-linux-arm64": "0.5.1",
        "agent-coordinator-cli-linux-x64": "0.5.1",
        "agent-coordinator-cli-win32-x64": "0.5.1"
      }
    },
    "node_modules/agent-coordinator-cli-darwin-arm64": {
      "version": "0.5.1",
      "resolved": "https://registry.npmjs.org/agent-coordinator-cli-darwin-arm64/-/agent-coordinator-cli-darwin-arm64-0.5.1.tgz",
      "integrity": "sha512-4zbtfouET1YjArUJp5R2msCdAls/GTw47RSvKp2H2v9vmm03quYgKEyE324IlSV4m9ZZU4wRASgnoSmDvVItEg==",
      "cpu": [
        "arm64"
      ],
      "license": "MIT",
      "optional": true,
      "os": [
        "darwin"
      ]
    },
    "node_modules/agent-coordinator-cli-darwin-x64": {
      "version": "0.5.1",
      "resolved": "https://registry.npmjs.org/agent-coordinator-cli-darwin-x64/-/agent-coordinator-cli-darwin-x64-0.5.1.tgz",
      "integrity": "sha512-fxbSfiFrizjUzlwHBIjBp7SQBYsLJ1TJRoh338hDq+QTRZ7G2HGflPbwy312tsS46394m1h/8jJSaoux8pABsw==",
      "cpu": [
        "x64"
      ],
      "license": "MIT",
      "optional": true,
      "os": [
        "darwin"
      ]
    },
    "node_modules/agent-coordinator-cli-linux-arm64": {
      "version": "0.5.1",
      "resolved": "https://registry.npmjs.org/agent-coordinator-cli-linux-arm64/-/agent-coordinator-cli-linux-arm64-0.5.1.tgz",
      "integrity": "sha512-Y9Qi6YsIx9USDB2pYGj58hAmdNUec8KXT9b1dMUGhZPUKa0kNXcoc0WZ/MQRCR66NiBDxb2kV6cVGGNc35CDXg==",
      "cpu": [
        "arm64"
      ],
      "license": "MIT",
      "optional": true,
      "os": [
        "linux"
      ]
    },
    "node_modules/agent-coordinator-cli-linux-x64": {
      "version": "0.5.1",
      "resolved": "https://registry.npmjs.org/agent-coordinator-cli-linux-x64/-/agent-coordinator-cli-linux-x64-0.5.1.tgz",
      "integrity": "sha512-0rxwkagtcO3hHaALj6LL8j2S4h9lEh4AECcoBv2wd8NUutcXBAbUG+Zxjh17sxe7N5LhwcOcS94Pp0656FC89Q==",
      "cpu": [
        "x64"
      ],
      "license": "MIT",
      "optional": true,
      "os": [
        "linux"
      ]
    },
    "node_modules/agent-coordinator-cli-win32-x64": {
      "version": "0.5.1",
      "resolved": "https://registry.npmjs.org/agent-coordinator-cli-win32-x64/-/agent-coordinator-cli-win32-x64-0.5.1.tgz",
      "integrity": "sha512-X0MqEtyXpDuMiR3Ev4VcpHGylcReiqodVmYLFPZf1mjT5+3Lq8if1KbLm7sINuywLmrAuYhlErWKy/eqFbZxdw==",
      "cpu": [
        "x64"
      ],
      "license": "MIT",
      "optional": true,
      "os": [
        "win32"
      ]
    }
  }
}
